// !$*UTF8*$!
{
	archiveVersion = 1;
	classes = {
	};
	objectVersion = 56;
	objects = {

/* Begin PBXBuildFile section */
		B31AB2DE2AC44C5A00A473E8 /* AppDelegate.swift in Sources */ = {isa = PBXBuildFile; fileRef = B31AB2DD2AC44C5A00A473E8 /* AppDelegate.swift */; };
		B31AB2E02AC44C5A00A473E8 /* SceneDelegate.swift in Sources */ = {isa = PBXBuildFile; fileRef = B31AB2DF2AC44C5A00A473E8 /* SceneDelegate.swift */; };
		B31AB2E22AC44C5A00A473E8 /* ViewController.swift in Sources */ = {isa = PBXBuildFile; fileRef = B31AB2E12AC44C5A00A473E8 /* ViewController.swift */; };
		B31AB2E52AC44C5A00A473E8 /* Main.storyboard in Resources */ = {isa = PBXBuildFile; fileRef = B31AB2E32AC44C5A00A473E8 /* Main.storyboard */; };
		B31AB2E72AC44C5B00A473E8 /* Assets.xcassets in Resources */ = {isa = PBXBuildFile; fileRef = B31AB2E62AC44C5B00A473E8 /* Assets.xcassets */; };
		B31AB2EA2AC44C5B00A473E8 /* LaunchScreen.storyboard in Resources */ = {isa = PBXBuildFile; fileRef = B31AB2E82AC44C5B00A473E8 /* LaunchScreen.storyboard */; };
		B31AB2F52AC44C5B00A473E8 /* ProductSearchTests.swift in Sources */ = {isa = PBXBuildFile; fileRef = B31AB2F42AC44C5B00A473E8 /* ProductSearchTests.swift */; };
		B31AB2FF2AC44C5B00A473E8 /* ProductSearchUITests.swift in Sources */ = {isa = PBXBuildFile; fileRef = B31AB2FE2AC44C5B00A473E8 /* ProductSearchUITests.swift */; };
		B31AB3012AC44C5B00A473E8 /* ProductSearchUITestsLaunchTests.swift in Sources */ = {isa = PBXBuildFile; fileRef = B31AB3002AC44C5B00A473E8 /* ProductSearchUITestsLaunchTests.swift */; };
		B31AB3112AC45D9700A473E8 /* UIColor+Extensions.swift in Sources */ = {isa = PBXBuildFile; fileRef = B31AB3102AC45D9700A473E8 /* UIColor+Extensions.swift */; };
		B31AB3152AC59E8600A473E8 /* ProductFactory.swift in Sources */ = {isa = PBXBuildFile; fileRef = B31AB3142AC59E8600A473E8 /* ProductFactory.swift */; };
		B31AB3182AC59EE800A473E8 /* Product.swift in Sources */ = {isa = PBXBuildFile; fileRef = B31AB3172AC59EE800A473E8 /* Product.swift */; };
		B31AB31A2AC5B11D00A473E8 /* ProductFactoryDelegat.swift in Sources */ = {isa = PBXBuildFile; fileRef = B31AB3192AC5B11D00A473E8 /* ProductFactoryDelegat.swift */; };
		B31AB31C2AC5B28500A473E8 /* ProductFactoryPrototcol.swift in Sources */ = {isa = PBXBuildFile; fileRef = B31AB31B2AC5B28500A473E8 /* ProductFactoryPrototcol.swift */; };
/* End PBXBuildFile section */

/* Begin PBXContainerItemProxy section */
		B31AB2F12AC44C5B00A473E8 /* PBXContainerItemProxy */ = {
			isa = PBXContainerItemProxy;
			containerPortal = B31AB2D22AC44C5A00A473E8 /* Project object */;
			proxyType = 1;
			remoteGlobalIDString = B31AB2D92AC44C5A00A473E8;
			remoteInfo = ProductSearch;
		};
		B31AB2FB2AC44C5B00A473E8 /* PBXContainerItemProxy */ = {
			isa = PBXContainerItemProxy;
			containerPortal = B31AB2D22AC44C5A00A473E8 /* Project object */;
			proxyType = 1;
			remoteGlobalIDString = B31AB2D92AC44C5A00A473E8;
			remoteInfo = ProductSearch;
		};
/* End PBXContainerItemProxy section */

/* Begin PBXFileReference section */
		B31AB2DA2AC44C5A00A473E8 /* ProductSearch.app */ = {isa = PBXFileReference; explicitFileType = wrapper.application; includeInIndex = 0; path = ProductSearch.app; sourceTree = BUILT_PRODUCTS_DIR; };
		B31AB2DD2AC44C5A00A473E8 /* AppDelegate.swift */ = {isa = PBXFileReference; lastKnownFileType = sourcecode.swift; path = AppDelegate.swift; sourceTree = "<group>"; };
		B31AB2DF2AC44C5A00A473E8 /* SceneDelegate.swift */ = {isa = PBXFileReference; lastKnownFileType = sourcecode.swift; path = SceneDelegate.swift; sourceTree = "<group>"; };
		B31AB2E12AC44C5A00A473E8 /* ViewController.swift */ = {isa = PBXFileReference; lastKnownFileType = sourcecode.swift; path = ViewController.swift; sourceTree = "<group>"; };
		B31AB2E42AC44C5A00A473E8 /* Base */ = {isa = PBXFileReference; lastKnownFileType = file.storyboard; name = Base; path = Base.lproj/Main.storyboard; sourceTree = "<group>"; };
		B31AB2E62AC44C5B00A473E8 /* Assets.xcassets */ = {isa = PBXFileReference; lastKnownFileType = folder.assetcatalog; path = Assets.xcassets; sourceTree = "<group>"; };
		B31AB2E92AC44C5B00A473E8 /* Base */ = {isa = PBXFileReference; lastKnownFileType = file.storyboard; name = Base; path = Base.lproj/LaunchScreen.storyboard; sourceTree = "<group>"; };
		B31AB2EB2AC44C5B00A473E8 /* Info.plist */ = {isa = PBXFileReference; lastKnownFileType = text.plist.xml; path = Info.plist; sourceTree = "<group>"; };
		B31AB2F02AC44C5B00A473E8 /* ProductSearchTests.xctest */ = {isa = PBXFileReference; explicitFileType = wrapper.cfbundle; includeInIndex = 0; path = ProductSearchTests.xctest; sourceTree = BUILT_PRODUCTS_DIR; };
		B31AB2F42AC44C5B00A473E8 /* ProductSearchTests.swift */ = {isa = PBXFileReference; lastKnownFileType = sourcecode.swift; path = ProductSearchTests.swift; sourceTree = "<group>"; };
		B31AB2FA2AC44C5B00A473E8 /* ProductSearchUITests.xctest */ = {isa = PBXFileReference; explicitFileType = wrapper.cfbundle; includeInIndex = 0; path = ProductSearchUITests.xctest; sourceTree = BUILT_PRODUCTS_DIR; };
		B31AB2FE2AC44C5B00A473E8 /* ProductSearchUITests.swift */ = {isa = PBXFileReference; lastKnownFileType = sourcecode.swift; path = ProductSearchUITests.swift; sourceTree = "<group>"; };
		B31AB3002AC44C5B00A473E8 /* ProductSearchUITestsLaunchTests.swift */ = {isa = PBXFileReference; lastKnownFileType = sourcecode.swift; path = ProductSearchUITestsLaunchTests.swift; sourceTree = "<group>"; };
		B31AB3102AC45D9700A473E8 /* UIColor+Extensions.swift */ = {isa = PBXFileReference; lastKnownFileType = sourcecode.swift; path = "UIColor+Extensions.swift"; sourceTree = "<group>"; };
		B31AB3142AC59E8600A473E8 /* ProductFactory.swift */ = {isa = PBXFileReference; lastKnownFileType = sourcecode.swift; path = ProductFactory.swift; sourceTree = "<group>"; };
		B31AB3172AC59EE800A473E8 /* Product.swift */ = {isa = PBXFileReference; lastKnownFileType = sourcecode.swift; path = Product.swift; sourceTree = "<group>"; };
		B31AB3192AC5B11D00A473E8 /* ProductFactoryDelegat.swift */ = {isa = PBXFileReference; lastKnownFileType = sourcecode.swift; path = ProductFactoryDelegat.swift; sourceTree = "<group>"; };
		B31AB31B2AC5B28500A473E8 /* ProductFactoryPrototcol.swift */ = {isa = PBXFileReference; lastKnownFileType = sourcecode.swift; path = ProductFactoryPrototcol.swift; sourceTree = "<group>"; };
/* End PBXFileReference section */

/* Begin PBXFrameworksBuildPhase section */
		B31AB2D72AC44C5A00A473E8 /* Frameworks */ = {
			isa = PBXFrameworksBuildPhase;
			buildActionMask = 2147483647;
			files = (
			);
			runOnlyForDeploymentPostprocessing = 0;
		};
		B31AB2ED2AC44C5B00A473E8 /* Frameworks */ = {
			isa = PBXFrameworksBuildPhase;
			buildActionMask = 2147483647;
			files = (
			);
			runOnlyForDeploymentPostprocessing = 0;
		};
		B31AB2F72AC44C5B00A473E8 /* Frameworks */ = {
			isa = PBXFrameworksBuildPhase;
			buildActionMask = 2147483647;
			files = (
			);
			runOnlyForDeploymentPostprocessing = 0;
		};
/* End PBXFrameworksBuildPhase section */

/* Begin PBXGroup section */
		B31AB2D12AC44C5A00A473E8 = {
			isa = PBXGroup;
			children = (
				B31AB2DC2AC44C5A00A473E8 /* ProductSearch */,
				B31AB2F32AC44C5B00A473E8 /* ProductSearchTests */,
				B31AB2FD2AC44C5B00A473E8 /* ProductSearchUITests */,
				B31AB2DB2AC44C5A00A473E8 /* Products */,
			);
			sourceTree = "<group>";
		};
		B31AB2DB2AC44C5A00A473E8 /* Products */ = {
			isa = PBXGroup;
			children = (
				B31AB2DA2AC44C5A00A473E8 /* ProductSearch.app */,
				B31AB2F02AC44C5B00A473E8 /* ProductSearchTests.xctest */,
				B31AB2FA2AC44C5B00A473E8 /* ProductSearchUITests.xctest */,
			);
			name = Products;
			sourceTree = "<group>";
		};
		B31AB2DC2AC44C5A00A473E8 /* ProductSearch */ = {
			isa = PBXGroup;
			children = (
				B31AB3162AC59EBD00A473E8 /* Models */,
				B31AB3122AC59E3E00A473E8 /* Services */,
				B31AB30D2AC4562100A473E8 /* Presentation */,
				B31AB30E2AC4591300A473E8 /* Resources */,
				B31AB30F2AC45D6000A473E8 /* Helper */,
				B31AB2DD2AC44C5A00A473E8 /* AppDelegate.swift */,
				B31AB2DF2AC44C5A00A473E8 /* SceneDelegate.swift */,
			);
			path = ProductSearch;
			sourceTree = "<group>";
		};
		B31AB2F32AC44C5B00A473E8 /* ProductSearchTests */ = {
			isa = PBXGroup;
			children = (
				B31AB2F42AC44C5B00A473E8 /* ProductSearchTests.swift */,
			);
			path = ProductSearchTests;
			sourceTree = "<group>";
		};
		B31AB2FD2AC44C5B00A473E8 /* ProductSearchUITests */ = {
			isa = PBXGroup;
			children = (
				B31AB2FE2AC44C5B00A473E8 /* ProductSearchUITests.swift */,
				B31AB3002AC44C5B00A473E8 /* ProductSearchUITestsLaunchTests.swift */,
			);
			path = ProductSearchUITests;
			sourceTree = "<group>";
		};
		B31AB30D2AC4562100A473E8 /* Presentation */ = {
			isa = PBXGroup;
			children = (
				B31AB2E32AC44C5A00A473E8 /* Main.storyboard */,
				B31AB2E12AC44C5A00A473E8 /* ViewController.swift */,
			);
			path = Presentation;
			sourceTree = "<group>";
		};
		B31AB30E2AC4591300A473E8 /* Resources */ = {
			isa = PBXGroup;
			children = (
				B31AB2EB2AC44C5B00A473E8 /* Info.plist */,
				B31AB2E82AC44C5B00A473E8 /* LaunchScreen.storyboard */,
				B31AB2E62AC44C5B00A473E8 /* Assets.xcassets */,
			);
			path = Resources;
			sourceTree = "<group>";
		};
		B31AB30F2AC45D6000A473E8 /* Helper */ = {
			isa = PBXGroup;
			children = (
				B31AB3102AC45D9700A473E8 /* UIColor+Extensions.swift */,
			);
			path = Helper;
			sourceTree = "<group>";
		};
		B31AB3122AC59E3E00A473E8 /* Services */ = {
			isa = PBXGroup;
			children = (
				B31AB3142AC59E8600A473E8 /* ProductFactory.swift */,
				B31AB3192AC5B11D00A473E8 /* ProductFactoryDelegat.swift */,
				B31AB31B2AC5B28500A473E8 /* ProductFactoryPrototcol.swift */,
			);
			path = Services;
			sourceTree = "<group>";
		};
		B31AB3162AC59EBD00A473E8 /* Models */ = {
			isa = PBXGroup;
			children = (
				B31AB3172AC59EE800A473E8 /* Product.swift */,
			);
			path = Models;
			sourceTree = "<group>";
		};
/* End PBXGroup section */

/* Begin PBXNativeTarget section */
		B31AB2D92AC44C5A00A473E8 /* ProductSearch */ = {
			isa = PBXNativeTarget;
			buildConfigurationList = B31AB3042AC44C5B00A473E8 /* Build configuration list for PBXNativeTarget "ProductSearch" */;
			buildPhases = (
				B31AB2D62AC44C5A00A473E8 /* Sources */,
				B31AB2D72AC44C5A00A473E8 /* Frameworks */,
				B31AB2D82AC44C5A00A473E8 /* Resources */,
			);
			buildRules = (
			);
			dependencies = (
			);
			name = ProductSearch;
			productName = ProductSearch;
			productReference = B31AB2DA2AC44C5A00A473E8 /* ProductSearch.app */;
			productType = "com.apple.product-type.application";
		};
		B31AB2EF2AC44C5B00A473E8 /* ProductSearchTests */ = {
			isa = PBXNativeTarget;
			buildConfigurationList = B31AB3072AC44C5B00A473E8 /* Build configuration list for PBXNativeTarget "ProductSearchTests" */;
			buildPhases = (
				B31AB2EC2AC44C5B00A473E8 /* Sources */,
				B31AB2ED2AC44C5B00A473E8 /* Frameworks */,
				B31AB2EE2AC44C5B00A473E8 /* Resources */,
			);
			buildRules = (
			);
			dependencies = (
				B31AB2F22AC44C5B00A473E8 /* PBXTargetDependency */,
			);
			name = ProductSearchTests;
			productName = ProductSearchTests;
			productReference = B31AB2F02AC44C5B00A473E8 /* ProductSearchTests.xctest */;
			productType = "com.apple.product-type.bundle.unit-test";
		};
		B31AB2F92AC44C5B00A473E8 /* ProductSearchUITests */ = {
			isa = PBXNativeTarget;
			buildConfigurationList = B31AB30A2AC44C5B00A473E8 /* Build configuration list for PBXNativeTarget "ProductSearchUITests" */;
			buildPhases = (
				B31AB2F62AC44C5B00A473E8 /* Sources */,
				B31AB2F72AC44C5B00A473E8 /* Frameworks */,
				B31AB2F82AC44C5B00A473E8 /* Resources */,
			);
			buildRules = (
			);
			dependencies = (
				B31AB2FC2AC44C5B00A473E8 /* PBXTargetDependency */,
			);
			name = ProductSearchUITests;
			productName = ProductSearchUITests;
			productReference = B31AB2FA2AC44C5B00A473E8 /* ProductSearchUITests.xctest */;
			productType = "com.apple.product-type.bundle.ui-testing";
		};
/* End PBXNativeTarget section */

/* Begin PBXProject section */
		B31AB2D22AC44C5A00A473E8 /* Project object */ = {
			isa = PBXProject;
			attributes = {
				BuildIndependentTargetsInParallel = 1;
				LastSwiftUpdateCheck = 1430;
				LastUpgradeCheck = 1430;
				TargetAttributes = {
					B31AB2D92AC44C5A00A473E8 = {
						CreatedOnToolsVersion = 14.3.1;
					};
					B31AB2EF2AC44C5B00A473E8 = {
						CreatedOnToolsVersion = 14.3.1;
						TestTargetID = B31AB2D92AC44C5A00A473E8;
					};
					B31AB2F92AC44C5B00A473E8 = {
						CreatedOnToolsVersion = 14.3.1;
						TestTargetID = B31AB2D92AC44C5A00A473E8;
					};
				};
			};
			buildConfigurationList = B31AB2D52AC44C5A00A473E8 /* Build configuration list for PBXProject "ProductSearch" */;
			compatibilityVersion = "Xcode 14.0";
			developmentRegion = en;
			hasScannedForEncodings = 0;
			knownRegions = (
				en,
				Base,
			);
			mainGroup = B31AB2D12AC44C5A00A473E8;
			productRefGroup = B31AB2DB2AC44C5A00A473E8 /* Products */;
			projectDirPath = "";
			projectRoot = "";
			targets = (
				B31AB2D92AC44C5A00A473E8 /* ProductSearch */,
				B31AB2EF2AC44C5B00A473E8 /* ProductSearchTests */,
				B31AB2F92AC44C5B00A473E8 /* ProductSearchUITests */,
			);
		};
/* End PBXProject section */

/* Begin PBXResourcesBuildPhase section */
		B31AB2D82AC44C5A00A473E8 /* Resources */ = {
			isa = PBXResourcesBuildPhase;
			buildActionMask = 2147483647;
			files = (
				B31AB2EA2AC44C5B00A473E8 /* LaunchScreen.storyboard in Resources */,
				B31AB2E72AC44C5B00A473E8 /* Assets.xcassets in Resources */,
				B31AB2E52AC44C5A00A473E8 /* Main.storyboard in Resources */,
			);
			runOnlyForDeploymentPostprocessing = 0;
		};
		B31AB2EE2AC44C5B00A473E8 /* Resources */ = {
			isa = PBXResourcesBuildPhase;
			buildActionMask = 2147483647;
			files = (
			);
			runOnlyForDeploymentPostprocessing = 0;
		};
		B31AB2F82AC44C5B00A473E8 /* Resources */ = {
			isa = PBXResourcesBuildPhase;
			buildActionMask = 2147483647;
			files = (
			);
			runOnlyForDeploymentPostprocessing = 0;
		};
/* End PBXResourcesBuildPhase section */

/* Begin PBXSourcesBuildPhase section */
		B31AB2D62AC44C5A00A473E8 /* Sources */ = {
			isa = PBXSourcesBuildPhase;
			buildActionMask = 2147483647;
			files = (
				B31AB2E22AC44C5A00A473E8 /* ViewController.swift in Sources */,
				B31AB2DE2AC44C5A00A473E8 /* AppDelegate.swift in Sources */,
				B31AB3152AC59E8600A473E8 /* ProductFactory.swift in Sources */,
				B31AB2E02AC44C5A00A473E8 /* SceneDelegate.swift in Sources */,
				B31AB31A2AC5B11D00A473E8 /* ProductFactoryDelegat.swift in Sources */,
				B31AB3112AC45D9700A473E8 /* UIColor+Extensions.swift in Sources */,
				B31AB3182AC59EE800A473E8 /* Product.swift in Sources */,
				B31AB31C2AC5B28500A473E8 /* ProductFactoryPrototcol.swift in Sources */,
			);
			runOnlyForDeploymentPostprocessing = 0;
		};
		B31AB2EC2AC44C5B00A473E8 /* Sources */ = {
			isa = PBXSourcesBuildPhase;
			buildActionMask = 2147483647;
			files = (
				B31AB2F52AC44C5B00A473E8 /* ProductSearchTests.swift in Sources */,
			);
			runOnlyForDeploymentPostprocessing = 0;
		};
		B31AB2F62AC44C5B00A473E8 /* Sources */ = {
			isa = PBXSourcesBuildPhase;
			buildActionMask = 2147483647;
			files = (
				B31AB3012AC44C5B00A473E8 /* ProductSearchUITestsLaunchTests.swift in Sources */,
				B31AB2FF2AC44C5B00A473E8 /* ProductSearchUITests.swift in Sources */,
			);
			runOnlyForDeploymentPostprocessing = 0;
		};
/* End PBXSourcesBuildPhase section */

/* Begin PBXTargetDependency section */
		B31AB2F22AC44C5B00A473E8 /* PBXTargetDependency */ = {
			isa = PBXTargetDependency;
			target = B31AB2D92AC44C5A00A473E8 /* ProductSearch */;
			targetProxy = B31AB2F12AC44C5B00A473E8 /* PBXContainerItemProxy */;
		};
		B31AB2FC2AC44C5B00A473E8 /* PBXTargetDependency */ = {
			isa = PBXTargetDependency;
			target = B31AB2D92AC44C5A00A473E8 /* ProductSearch */;
			targetProxy = B31AB2FB2AC44C5B00A473E8 /* PBXContainerItemProxy */;
		};
/* End PBXTargetDependency section */

/* Begin PBXVariantGroup section */
		B31AB2E32AC44C5A00A473E8 /* Main.storyboard */ = {
			isa = PBXVariantGroup;
			children = (
				B31AB2E42AC44C5A00A473E8 /* Base */,
			);
			name = Main.storyboard;
			sourceTree = "<group>";
		};
		B31AB2E82AC44C5B00A473E8 /* LaunchScreen.storyboard */ = {
			isa = PBXVariantGroup;
			children = (
				B31AB2E92AC44C5B00A473E8 /* Base */,
			);
			name = LaunchScreen.storyboard;
			sourceTree = "<group>";
		};
/* End PBXVariantGroup section */

/* Begin XCBuildConfiguration section */
		B31AB3022AC44C5B00A473E8 /* Debug */ = {
			isa = XCBuildConfiguration;
			buildSettings = {
				ALWAYS_SEARCH_USER_PATHS = NO;
				CLANG_ANALYZER_NONNULL = YES;
				CLANG_ANALYZER_NUMBER_OBJECT_CONVERSION = YES_AGGRESSIVE;
				CLANG_CXX_LANGUAGE_STANDARD = "gnu++20";
				CLANG_ENABLE_MODULES = YES;
				CLANG_ENABLE_OBJC_ARC = YES;
				CLANG_ENABLE_OBJC_WEAK = YES;
				CLANG_WARN_BLOCK_CAPTURE_AUTORELEASING = YES;
				CLANG_WARN_BOOL_CONVERSION = YES;
				CLANG_WARN_COMMA = YES;
				CLANG_WARN_CONSTANT_CONVERSION = YES;
				CLANG_WARN_DEPRECATED_OBJC_IMPLEMENTATIONS = YES;
				CLANG_WARN_DIRECT_OBJC_ISA_USAGE = YES_ERROR;
				CLANG_WARN_DOCUMENTATION_COMMENTS = YES;
				CLANG_WARN_EMPTY_BODY = YES;
				CLANG_WARN_ENUM_CONVERSION = YES;
				CLANG_WARN_INFINITE_RECURSION = YES;
				CLANG_WARN_INT_CONVERSION = YES;
				CLANG_WARN_NON_LITERAL_NULL_CONVERSION = YES;
				CLANG_WARN_OBJC_IMPLICIT_RETAIN_SELF = YES;
				CLANG_WARN_OBJC_LITERAL_CONVERSION = YES;
				CLANG_WARN_OBJC_ROOT_CLASS = YES_ERROR;
				CLANG_WARN_QUOTED_INCLUDE_IN_FRAMEWORK_HEADER = YES;
				CLANG_WARN_RANGE_LOOP_ANALYSIS = YES;
				CLANG_WARN_STRICT_PROTOTYPES = YES;
				CLANG_WARN_SUSPICIOUS_MOVE = YES;
				CLANG_WARN_UNGUARDED_AVAILABILITY = YES_AGGRESSIVE;
				CLANG_WARN_UNREACHABLE_CODE = YES;
				CLANG_WARN__DUPLICATE_METHOD_MATCH = YES;
				COPY_PHASE_STRIP = NO;
				DEBUG_INFORMATION_FORMAT = dwarf;
				ENABLE_STRICT_OBJC_MSGSEND = YES;
				ENABLE_TESTABILITY = YES;
				GCC_C_LANGUAGE_STANDARD = gnu11;
				GCC_DYNAMIC_NO_PIC = NO;
				GCC_NO_COMMON_BLOCKS = YES;
				GCC_OPTIMIZATION_LEVEL = 0;
				GCC_PREPROCESSOR_DEFINITIONS = (
					"DEBUG=1",
					"$(inherited)",
				);
				GCC_WARN_64_TO_32_BIT_CONVERSION = YES;
				GCC_WARN_ABOUT_RETURN_TYPE = YES_ERROR;
				GCC_WARN_UNDECLARED_SELECTOR = YES;
				GCC_WARN_UNINITIALIZED_AUTOS = YES_AGGRESSIVE;
				GCC_WARN_UNUSED_FUNCTION = YES;
				GCC_WARN_UNUSED_VARIABLE = YES;
				IPHONEOS_DEPLOYMENT_TARGET = 16.4;
				MTL_ENABLE_DEBUG_INFO = INCLUDE_SOURCE;
				MTL_FAST_MATH = YES;
				ONLY_ACTIVE_ARCH = YES;
				SDKROOT = iphoneos;
				SWIFT_ACTIVE_COMPILATION_CONDITIONS = DEBUG;
				SWIFT_OPTIMIZATION_LEVEL = "-Onone";
			};
			name = Debug;
		};
		B31AB3032AC44C5B00A473E8 /* Release */ = {
			isa = XCBuildConfiguration;
			buildSettings = {
				ALWAYS_SEARCH_USER_PATHS = NO;
				CLANG_ANALYZER_NONNULL = YES;
				CLANG_ANALYZER_NUMBER_OBJECT_CONVERSION = YES_AGGRESSIVE;
				CLANG_CXX_LANGUAGE_STANDARD = "gnu++20";
				CLANG_ENABLE_MODULES = YES;
				CLANG_ENABLE_OBJC_ARC = YES;
				CLANG_ENABLE_OBJC_WEAK = YES;
				CLANG_WARN_BLOCK_CAPTURE_AUTORELEASING = YES;
				CLANG_WARN_BOOL_CONVERSION = YES;
				CLANG_WARN_COMMA = YES;
				CLANG_WARN_CONSTANT_CONVERSION = YES;
				CLANG_WARN_DEPRECATED_OBJC_IMPLEMENTATIONS = YES;
				CLANG_WARN_DIRECT_OBJC_ISA_USAGE = YES_ERROR;
				CLANG_WARN_DOCUMENTATION_COMMENTS = YES;
				CLANG_WARN_EMPTY_BODY = YES;
				CLANG_WARN_ENUM_CONVERSION = YES;
				CLANG_WARN_INFINITE_RECURSION = YES;
				CLANG_WARN_INT_CONVERSION = YES;
				CLANG_WARN_NON_LITERAL_NULL_CONVERSION = YES;
				CLANG_WARN_OBJC_IMPLICIT_RETAIN_SELF = YES;
				CLANG_WARN_OBJC_LITERAL_CONVERSION = YES;
				CLANG_WARN_OBJC_ROOT_CLASS = YES_ERROR;
				CLANG_WARN_QUOTED_INCLUDE_IN_FRAMEWORK_HEADER = YES;
				CLANG_WARN_RANGE_LOOP_ANALYSIS = YES;
				CLANG_WARN_STRICT_PROTOTYPES = YES;
				CLANG_WARN_SUSPICIOUS_MOVE = YES;
				CLANG_WARN_UNGUARDED_AVAILABILITY = YES_AGGRESSIVE;
				CLANG_WARN_UNREACHABLE_CODE = YES;
				CLANG_WARN__DUPLICATE_METHOD_MATCH = YES;
				COPY_PHASE_STRIP = NO;
				DEBUG_INFORMATION_FORMAT = "dwarf-with-dsym";
				ENABLE_NS_ASSERTIONS = NO;
				ENABLE_STRICT_OBJC_MSGSEND = YES;
				GCC_C_LANGUAGE_STANDARD = gnu11;
				GCC_NO_COMMON_BLOCKS = YES;
				GCC_WARN_64_TO_32_BIT_CONVERSION = YES;
				GCC_WARN_ABOUT_RETURN_TYPE = YES_ERROR;
				GCC_WARN_UNDECLARED_SELECTOR = YES;
				GCC_WARN_UNINITIALIZED_AUTOS = YES_AGGRESSIVE;
				GCC_WARN_UNUSED_FUNCTION = YES;
				GCC_WARN_UNUSED_VARIABLE = YES;
				IPHONEOS_DEPLOYMENT_TARGET = 16.4;
				MTL_ENABLE_DEBUG_INFO = NO;
				MTL_FAST_MATH = YES;
				SDKROOT = iphoneos;
				SWIFT_COMPILATION_MODE = wholemodule;
				SWIFT_OPTIMIZATION_LEVEL = "-O";
				VALIDATE_PRODUCT = YES;
			};
			name = Release;
		};
		B31AB3052AC44C5B00A473E8 /* Debug */ = {
			isa = XCBuildConfiguration;
			buildSettings = {
				ASSETCATALOG_COMPILER_APPICON_NAME = AppIcon;
				ASSETCATALOG_COMPILER_GLOBAL_ACCENT_COLOR_NAME = AccentColor;
				CODE_SIGN_STYLE = Automatic;
				CURRENT_PROJECT_VERSION = 1;
				GENERATE_INFOPLIST_FILE = YES;
				INFOPLIST_FILE = ProductSearch/Resources/Info.plist;
				INFOPLIST_KEY_UIApplicationSupportsIndirectInputEvents = YES;
				INFOPLIST_KEY_UILaunchStoryboardName = LaunchScreen;
				INFOPLIST_KEY_UIMainStoryboardFile = Main;
				INFOPLIST_KEY_UISupportedInterfaceOrientations = UIInterfaceOrientationPortrait;
				INFOPLIST_KEY_UISupportedInterfaceOrientations_iPad = "UIInterfaceOrientationLandscapeLeft UIInterfaceOrientationLandscapeRight UIInterfaceOrientationPortrait UIInterfaceOrientationPortraitUpsideDown";
				LD_RUNPATH_SEARCH_PATHS = (
					"$(inherited)",
					"@executable_path/Frameworks",
				);
				MARKETING_VERSION = 1.0;
				PRODUCT_BUNDLE_IDENTIFIER = com.glazachev.ru.ProductSearch;
				PRODUCT_NAME = "$(TARGET_NAME)";
				SWIFT_EMIT_LOC_STRINGS = YES;
				SWIFT_VERSION = 5.0;
				TARGETED_DEVICE_FAMILY = "1,2";
			};
			name = Debug;
		};
		B31AB3062AC44C5B00A473E8 /* Release */ = {
			isa = XCBuildConfiguration;
			buildSettings = {
				ASSETCATALOG_COMPILER_APPICON_NAME = AppIcon;
				ASSETCATALOG_COMPILER_GLOBAL_ACCENT_COLOR_NAME = AccentColor;
				CODE_SIGN_STYLE = Automatic;
				CURRENT_PROJECT_VERSION = 1;
				GENERATE_INFOPLIST_FILE = YES;
				INFOPLIST_FILE = ProductSearch/Resources/Info.plist;
				INFOPLIST_KEY_UIApplicationSupportsIndirectInputEvents = YES;
				INFOPLIST_KEY_UILaunchStoryboardName = LaunchScreen;
				INFOPLIST_KEY_UIMainStoryboardFile = Main;
				INFOPLIST_KEY_UISupportedInterfaceOrientations = UIInterfaceOrientationPortrait;
				INFOPLIST_KEY_UISupportedInterfaceOrientations_iPad = "UIInterfaceOrientationLandscapeLeft UIInterfaceOrientationLandscapeRight UIInterfaceOrientationPortrait UIInterfaceOrientationPortraitUpsideDown";
				LD_RUNPATH_SEARCH_PATHS = (
					"$(inherited)",
					"@executable_path/Frameworks",
				);
				MARKETING_VERSION = 1.0;
				PRODUCT_BUNDLE_IDENTIFIER = com.glazachev.ru.ProductSearch;
				PRODUCT_NAME = "$(TARGET_NAME)";
				SWIFT_EMIT_LOC_STRINGS = YES;
				SWIFT_VERSION = 5.0;
				TARGETED_DEVICE_FAMILY = "1,2";
			};
			name = Release;
		};
		B31AB3082AC44C5B00A473E8 /* Debug */ = {
			isa = XCBuildConfiguration;
			buildSettings = {
				ALWAYS_EMBED_SWIFT_STANDARD_LIBRARIES = YES;
				BUNDLE_LOADER = "$(TEST_HOST)";
				CODE_SIGN_STYLE = Automatic;
				CURRENT_PROJECT_VERSION = 1;
				GENERATE_INFOPLIST_FILE = YES;
				IPHONEOS_DEPLOYMENT_TARGET = 16.4;
				MARKETING_VERSION = 1.0;
				PRODUCT_BUNDLE_IDENTIFIER = com.glazachev.ru.ProductSearchTests;
				PRODUCT_NAME = "$(TARGET_NAME)";
				SWIFT_EMIT_LOC_STRINGS = NO;
				SWIFT_VERSION = 5.0;
				TARGETED_DEVICE_FAMILY = "1,2";
				TEST_HOST = "$(BUILT_PRODUCTS_DIR)/ProductSearch.app/$(BUNDLE_EXECUTABLE_FOLDER_PATH)/ProductSearch";
			};
			name = Debug;
		};
		B31AB3092AC44C5B00A473E8 /* Release */ = {
			isa = XCBuildConfiguration;
			buildSettings = {
				ALWAYS_EMBED_SWIFT_STANDARD_LIBRARIES = YES;
				BUNDLE_LOADER = "$(TEST_HOST)";
				CODE_SIGN_STYLE = Automatic;
				CURRENT_PROJECT_VERSION = 1;
				GENERATE_INFOPLIST_FILE = YES;
				IPHONEOS_DEPLOYMENT_TARGET = 16.4;
				MARKETING_VERSION = 1.0;
				PRODUCT_BUNDLE_IDENTIFIER = com.glazachev.ru.ProductSearchTests;
				PRODUCT_NAME = "$(TARGET_NAME)";
				SWIFT_EMIT_LOC_STRINGS = NO;
				SWIFT_VERSION = 5.0;
				TARGETED_DEVICE_FAMILY = "1,2";
				TEST_HOST = "$(BUILT_PRODUCTS_DIR)/ProductSearch.app/$(BUNDLE_EXECUTABLE_FOLDER_PATH)/ProductSearch";
			};
			name = Release;
		};
		B31AB30B2AC44C5B00A473E8 /* Debug */ = {
			isa = XCBuildConfiguration;
			buildSettings = {
				ALWAYS_EMBED_SWIFT_STANDARD_LIBRARIES = YES;
				CODE_SIGN_STYLE = Automatic;
				CURRENT_PROJECT_VERSION = 1;
				GENERATE_INFOPLIST_FILE = YES;
				MARKETING_VERSION = 1.0;
				PRODUCT_BUNDLE_IDENTIFIER = com.glazachev.ru.ProductSearchUITests;
				PRODUCT_NAME = "$(TARGET_NAME)";
				SWIFT_EMIT_LOC_STRINGS = NO;
				SWIFT_VERSION = 5.0;
				TARGETED_DEVICE_FAMILY = "1,2";
				TEST_TARGET_NAME = ProductSearch;
			};
			name = Debug;
		};
		B31AB30C2AC44C5B00A473E8 /* Release */ = {
			isa = XCBuildConfiguration;
			buildSettings = {
				ALWAYS_EMBED_SWIFT_STANDARD_LIBRARIES = YES;
				CODE_SIGN_STYLE = Automatic;
				CURRENT_PROJECT_VERSION = 1;
				GENERATE_INFOPLIST_FILE = YES;
				MARKETING_VERSION = 1.0;
				PRODUCT_BUNDLE_IDENTIFIER = com.glazachev.ru.ProductSearchUITests;
				PRODUCT_NAME = "$(TARGET_NAME)";
				SWIFT_EMIT_LOC_STRINGS = NO;
				SWIFT_VERSION = 5.0;
				TARGETED_DEVICE_FAMILY = "1,2";
				TEST_TARGET_NAME = ProductSearch;
			};
			name = Release;
		};
/* End XCBuildConfiguration section */

/* Begin XCConfigurationList section */
		B31AB2D52AC44C5A00A473E8 /* Build configuration list for PBXProject "ProductSearch" */ = {
			isa = XCConfigurationList;
			buildConfigurations = (
				B31AB3022AC44C5B00A473E8 /* Debug */,
				B31AB3032AC44C5B00A473E8 /* Release */,
			);
			defaultConfigurationIsVisible = 0;
			defaultConfigurationName = Release;
		};
		B31AB3042AC44C5B00A473E8 /* Build configuration list for PBXNativeTarget "ProductSearch" */ = {
			isa = XCConfigurationList;
			buildConfigurations = (
				B31AB3052AC44C5B00A473E8 /* Debug */,
				B31AB3062AC44C5B00A473E8 /* Release */,
			);
			defaultConfigurationIsVisible = 0;
			defaultConfigurationName = Release;
		};
		B31AB3072AC44C5B00A473E8 /* Build configuration list for PBXNativeTarget "ProductSearchTests" */ = {
			isa = XCConfigurationList;
			buildConfigurations = (
				B31AB3082AC44C5B00A473E8 /* Debug */,
				B31AB3092AC44C5B00A473E8 /* Release */,
			);
			defaultConfigurationIsVisible = 0;
			defaultConfigurationName = Release;
		};
		B31AB30A2AC44C5B00A473E8 /* Build configuration list for PBXNativeTarget "ProductSearchUITests" */ = {
			isa = XCConfigurationList;
			buildConfigurations = (
				B31AB30B2AC44C5B00A473E8 /* Debug */,
				B31AB30C2AC44C5B00A473E8 /* Release */,
			);
			defaultConfigurationIsVisible = 0;
			defaultConfigurationName = Release;
		};
/* End XCConfigurationList section */
	};
	rootObject = B31AB2D22AC44C5A00A473E8 /* Project object */;
}
